
Microsoft Visual Studio Solution File, Format Version 12.00
# Visual Studio 15
VisualStudioVersion = 15.0.28307.168
MinimumVisualStudioVersion = 10.0.40219.1
Project("{2150E333-8FDC-42A3-9474-1A3956D46DE8}") = "src", "src", "{CD78D4BD-5343-4E0F-BB76-7C1294516998}"
EndProject
Project("{9A19103F-16F7-4668-BE54-9A1E7A4F7556}") = "MiLibCode.Infrastructure", "src\MiLibCode.Infrastructure\MiLibCode.Infrastructure.csproj", "{B1E4E911-6B6C-4427-8F92-9144EDDF6319}"
EndProject
Project("{FAE04EC0-301F-11D3-BF4B-00C04F79EFBC}") = "MiLibCode.AspNetCore", "src\MiLibCode.AspNetCore\MiLibCode.AspNetCore.csproj", "{D51B62B0-62D8-4FBD-A7C1-2CD4522FC57E}"
EndProject
Project("{2150E333-8FDC-42A3-9474-1A3956D46DE8}") = "samples", "samples", "{2399C896-833C-4679-B180-BC657117D567}"
EndProject
Project("{2150E333-8FDC-42A3-9474-1A3956D46DE8}") = "Basic", "Basic", "{E2D488E6-3E6A-4C3B-ABD8-962A76B95B4E}"
EndProject
Project("{9A19103F-16F7-4668-BE54-9A1E7A4F7556}") = "BasicWebExample", "samples\Basic\BasicWebExample\BasicWebExample.csproj", "{5EDAE478-1BF5-462C-9A53-B35A4A46B4EA}"
EndProject
Project("{2150E333-8FDC-42A3-9474-1A3956D46DE8}") = "Modules", "Modules", "{47B8E8D8-E7D6-4726-B8B9-95B190D5D1CD}"
EndProject
Project("{FAE04EC0-301F-11D3-BF4B-00C04F79EFBC}") = "Module1", "samples\Basic\Modules\Module1\Module1.csproj", "{1FA7CCB7-F7D6-41AC-81F7-1F198B618979}"
EndProject
Project("{FAE04EC0-301F-11D3-BF4B-00C04F79EFBC}") = "Modules2", "samples\Basic\Modules\Modules2\Modules2.csproj", "{4D638C88-C411-4D11-9FB4-3F365FBAD48A}"
EndProject
Global
	GlobalSection(SolutionConfigurationPlatforms) = preSolution
		Debug|Any CPU = Debug|Any CPU
		Release|Any CPU = Release|Any CPU
	EndGlobalSection
	GlobalSection(ProjectConfigurationPlatforms) = postSolution
		{B1E4E911-6B6C-4427-8F92-9144EDDF6319}.Debug|Any CPU.ActiveCfg = Debug|Any CPU
		{B1E4E911-6B6C-4427-8F92-9144EDDF6319}.Debug|Any CPU.Build.0 = Debug|Any CPU
		{B1E4E911-6B6C-4427-8F92-9144EDDF6319}.Release|Any CPU.ActiveCfg = Release|Any CPU
		{B1E4E911-6B6C-4427-8F92-9144EDDF6319}.Release|Any CPU.Build.0 = Release|Any CPU
		{D51B62B0-62D8-4FBD-A7C1-2CD4522FC57E}.Debug|Any CPU.ActiveCfg = Debug|Any CPU
		{D51B62B0-62D8-4FBD-A7C1-2CD4522FC57E}.Debug|Any CPU.Build.0 = Debug|Any CPU
		{D51B62B0-62D8-4FBD-A7C1-2CD4522FC57E}.Release|Any CPU.ActiveCfg = Release|Any CPU
		{D51B62B0-62D8-4FBD-A7C1-2CD4522FC57E}.Release|Any CPU.Build.0 = Release|Any CPU
		{5EDAE478-1BF5-462C-9A53-B35A4A46B4EA}.Debug|Any CPU.ActiveCfg = Debug|Any CPU
		{5EDAE478-1BF5-462C-9A53-B35A4A46B4EA}.Debug|Any CPU.Build.0 = Debug|Any CPU
		{5EDAE478-1BF5-462C-9A53-B35A4A46B4EA}.Release|Any CPU.ActiveCfg = Release|Any CPU
		{5EDAE478-1BF5-462C-9A53-B35A4A46B4EA}.Release|Any CPU.Build.0 = Release|Any CPU
		{1FA7CCB7-F7D6-41AC-81F7-1F198B618979}.Debug|Any CPU.ActiveCfg = Debug|Any CPU
		{1FA7CCB7-F7D6-41AC-81F7-1F198B618979}.Debug|Any CPU.Build.0 = Debug|Any CPU
		{1FA7CCB7-F7D6-41AC-81F7-1F198B618979}.Release|Any CPU.ActiveCfg = Release|Any CPU
		{1FA7CCB7-F7D6-41AC-81F7-1F198B618979}.Release|Any CPU.Build.0 = Release|Any CPU
		{4D638C88-C411-4D11-9FB4-3F365FBAD48A}.Debug|Any CPU.ActiveCfg = Debug|Any CPU
		{4D638C88-C411-4D11-9FB4-3F365FBAD48A}.Debug|Any CPU.Build.0 = Debug|Any CPU
		{4D638C88-C411-4D11-9FB4-3F365FBAD48A}.Release|Any CPU.ActiveCfg = Release|Any CPU
		{4D638C88-C411-4D11-9FB4-3F365FBAD48A}.Release|Any CPU.Build.0 = Release|Any CPU
	EndGlobalSection
	GlobalSection(SolutionProperties) = preSolution
		HideSolutionNode = FALSE
	EndGlobalSection
	GlobalSection(NestedProjects) = preSolution
		{B1E4E911-6B6C-4427-8F92-9144EDDF6319} = {CD78D4BD-5343-4E0F-BB76-7C1294516998}
		{D51B62B0-62D8-4FBD-A7C1-2CD4522FC57E} = {CD78D4BD-5343-4E0F-BB76-7C1294516998}
		{E2D488E6-3E6A-4C3B-ABD8-962A76B95B4E} = {2399C896-833C-4679-B180-BC657117D567}
		{5EDAE478-1BF5-462C-9A53-B35A4A46B4EA} = {E2D488E6-3E6A-4C3B-ABD8-962A76B95B4E}
		{47B8E8D8-E7D6-4726-B8B9-95B190D5D1CD} = {E2D488E6-3E6A-4C3B-ABD8-962A76B95B4E}
		{1FA7CCB7-F7D6-41AC-81F7-1F198B618979} = {47B8E8D8-E7D6-4726-B8B9-95B190D5D1CD}
		{4D638C88-C411-4D11-9FB4-3F365FBAD48A} = {47B8E8D8-E7D6-4726-B8B9-95B190D5D1CD}
	EndGlobalSection
	GlobalSection(ExtensibilityGlobals) = postSolution
		SolutionGuid = {9D07ACAF-FF3B-46B5-842E-3DE52160BAE3}
	EndGlobalSection
EndGlobal
